// !$*UTF8*$!
{
	archiveVersion = 1;
	classes = {
	};
	objectVersion = 46;
	objects = {

/* Begin PBXBuildFile section */
		4CCAC3921BF9C30300EA4639 /* KeePassHTTPKit.h in Headers */ = {isa = PBXBuildFile; fileRef = 4CCAC3911BF9C30300EA4639 /* KeePassHTTPKit.h */; settings = {ATTRIBUTES = (Public, ); }; };
		4CCAC3991BF9C30300EA4639 /* KeePassHTTPKit.framework in Frameworks */ = {isa = PBXBuildFile; fileRef = 4CCAC38E1BF9C30300EA4639 /* KeePassHTTPKit.framework */; };
		4CCAC39E1BF9C30300EA4639 /* KeePassHTTPKitTests.m in Sources */ = {isa = PBXBuildFile; fileRef = 4CCAC39D1BF9C30300EA4639 /* KeePassHTTPKitTests.m */; };
		4CDE582D1BF9C66300C7AF5B /* JSONModel.h in Headers */ = {isa = PBXBuildFile; fileRef = 4CDE574D1BF9C66300C7AF5B /* JSONModel.h */; settings = {ATTRIBUTES = (Public, ); }; };
		4CDE582E1BF9C66300C7AF5B /* JSONModel.m in Sources */ = {isa = PBXBuildFile; fileRef = 4CDE574E1BF9C66300C7AF5B /* JSONModel.m */; };
		4CDE582F1BF9C66300C7AF5B /* JSONModelArray.h in Headers */ = {isa = PBXBuildFile; fileRef = 4CDE574F1BF9C66300C7AF5B /* JSONModelArray.h */; settings = {ATTRIBUTES = (Public, ); }; };
		4CDE58301BF9C66300C7AF5B /* JSONModelArray.m in Sources */ = {isa = PBXBuildFile; fileRef = 4CDE57501BF9C66300C7AF5B /* JSONModelArray.m */; };
		4CDE58311BF9C66300C7AF5B /* JSONModelClassProperty.h in Headers */ = {isa = PBXBuildFile; fileRef = 4CDE57511BF9C66300C7AF5B /* JSONModelClassProperty.h */; };
		4CDE58321BF9C66300C7AF5B /* JSONModelClassProperty.m in Sources */ = {isa = PBXBuildFile; fileRef = 4CDE57521BF9C66300C7AF5B /* JSONModelClassProperty.m */; };
		4CDE58331BF9C66300C7AF5B /* JSONModelError.h in Headers */ = {isa = PBXBuildFile; fileRef = 4CDE57531BF9C66300C7AF5B /* JSONModelError.h */; settings = {ATTRIBUTES = (Public, ); }; };
		4CDE58341BF9C66300C7AF5B /* JSONModelError.m in Sources */ = {isa = PBXBuildFile; fileRef = 4CDE57541BF9C66300C7AF5B /* JSONModelError.m */; };
		4CDE58351BF9C66300C7AF5B /* NSArray+JSONModel.h in Headers */ = {isa = PBXBuildFile; fileRef = 4CDE57561BF9C66300C7AF5B /* NSArray+JSONModel.h */; };
		4CDE58361BF9C66300C7AF5B /* NSArray+JSONModel.m in Sources */ = {isa = PBXBuildFile; fileRef = 4CDE57571BF9C66300C7AF5B /* NSArray+JSONModel.m */; };
		4CDE58371BF9C66300C7AF5B /* JSONModelLib.h in Headers */ = {isa = PBXBuildFile; fileRef = 4CDE57581BF9C66300C7AF5B /* JSONModelLib.h */; };
		4CDE58381BF9C66300C7AF5B /* JSONAPI.h in Headers */ = {isa = PBXBuildFile; fileRef = 4CDE575A1BF9C66300C7AF5B /* JSONAPI.h */; };
		4CDE58391BF9C66300C7AF5B /* JSONAPI.m in Sources */ = {isa = PBXBuildFile; fileRef = 4CDE575B1BF9C66300C7AF5B /* JSONAPI.m */; };
		4CDE583A1BF9C66300C7AF5B /* JSONHTTPClient.h in Headers */ = {isa = PBXBuildFile; fileRef = 4CDE575C1BF9C66300C7AF5B /* JSONHTTPClient.h */; };
		4CDE583B1BF9C66300C7AF5B /* JSONHTTPClient.m in Sources */ = {isa = PBXBuildFile; fileRef = 4CDE575D1BF9C66300C7AF5B /* JSONHTTPClient.m */; };
		4CDE583C1BF9C66300C7AF5B /* JSONModel+networking.h in Headers */ = {isa = PBXBuildFile; fileRef = 4CDE575E1BF9C66300C7AF5B /* JSONModel+networking.h */; };
		4CDE583D1BF9C66300C7AF5B /* JSONModel+networking.m in Sources */ = {isa = PBXBuildFile; fileRef = 4CDE575F1BF9C66300C7AF5B /* JSONModel+networking.m */; };
		4CDE583E1BF9C66300C7AF5B /* JSONKeyMapper.h in Headers */ = {isa = PBXBuildFile; fileRef = 4CDE57611BF9C66300C7AF5B /* JSONKeyMapper.h */; settings = {ATTRIBUTES = (Public, ); }; };
		4CDE583F1BF9C66300C7AF5B /* JSONKeyMapper.m in Sources */ = {isa = PBXBuildFile; fileRef = 4CDE57621BF9C66300C7AF5B /* JSONKeyMapper.m */; };
		4CDE58401BF9C66300C7AF5B /* JSONValueTransformer.h in Headers */ = {isa = PBXBuildFile; fileRef = 4CDE57631BF9C66300C7AF5B /* JSONValueTransformer.h */; settings = {ATTRIBUTES = (Public, ); }; };
		4CDE58411BF9C66300C7AF5B /* JSONValueTransformer.m in Sources */ = {isa = PBXBuildFile; fileRef = 4CDE57641BF9C66300C7AF5B /* JSONValueTransformer.m */; };
		4CDE59201BF9E2D700C7AF5B /* NSData+Cryptor.h in Headers */ = {isa = PBXBuildFile; fileRef = 4CDE59021BF9E2D600C7AF5B /* NSData+Cryptor.h */; };
		4CDE59211BF9E2D700C7AF5B /* NSData+Cryptor.m in Sources */ = {isa = PBXBuildFile; fileRef = 4CDE59031BF9E2D600C7AF5B /* NSData+Cryptor.m */; };
		4CDE59221BF9E2D700C7AF5B /* KPHAssociateHandler.h in Headers */ = {isa = PBXBuildFile; fileRef = 4CDE59051BF9E2D600C7AF5B /* KPHAssociateHandler.h */; };
		4CDE59231BF9E2D700C7AF5B /* KPHAssociateHandler.m in Sources */ = {isa = PBXBuildFile; fileRef = 4CDE59061BF9E2D600C7AF5B /* KPHAssociateHandler.m */; };
		4CDE59241BF9E2D700C7AF5B /* KPHGeneratePasswordHandler.h in Headers */ = {isa = PBXBuildFile; fileRef = 4CDE59071BF9E2D600C7AF5B /* KPHGeneratePasswordHandler.h */; };
		4CDE59251BF9E2D700C7AF5B /* KPHGeneratePasswordHandler.m in Sources */ = {isa = PBXBuildFile; fileRef = 4CDE59081BF9E2D600C7AF5B /* KPHGeneratePasswordHandler.m */; };
		4CDE59261BF9E2D700C7AF5B /* KPHGetAllLoginsHandler.h in Headers */ = {isa = PBXBuildFile; fileRef = 4CDE59091BF9E2D700C7AF5B /* KPHGetAllLoginsHandler.h */; };
		4CDE59271BF9E2D700C7AF5B /* KPHGetAllLoginsHandler.m in Sources */ = {isa = PBXBuildFile; fileRef = 4CDE590A1BF9E2D700C7AF5B /* KPHGetAllLoginsHandler.m */; };
		4CDE59281BF9E2D700C7AF5B /* KPHGetLoginsCountHandler.h in Headers */ = {isa = PBXBuildFile; fileRef = 4CDE590B1BF9E2D700C7AF5B /* KPHGetLoginsCountHandler.h */; };
		4CDE59291BF9E2D700C7AF5B /* KPHGetLoginsCountHandler.m in Sources */ = {isa = PBXBuildFile; fileRef = 4CDE590C1BF9E2D700C7AF5B /* KPHGetLoginsCountHandler.m */; };
		4CDE592A1BF9E2D700C7AF5B /* KPHGetLoginsHandler.h in Headers */ = {isa = PBXBuildFile; fileRef = 4CDE590D1BF9E2D700C7AF5B /* KPHGetLoginsHandler.h */; };
		4CDE592B1BF9E2D700C7AF5B /* KPHGetLoginsHandler.m in Sources */ = {isa = PBXBuildFile; fileRef = 4CDE590E1BF9E2D700C7AF5B /* KPHGetLoginsHandler.m */; };
		4CDE592C1BF9E2D700C7AF5B /* KPHHandler.h in Headers */ = {isa = PBXBuildFile; fileRef = 4CDE590F1BF9E2D700C7AF5B /* KPHHandler.h */; };
		4CDE592D1BF9E2D700C7AF5B /* KPHHandler.m in Sources */ = {isa = PBXBuildFile; fileRef = 4CDE59101BF9E2D700C7AF5B /* KPHHandler.m */; };
		4CDE592E1BF9E2D700C7AF5B /* KPHSetLoginHandler.h in Headers */ = {isa = PBXBuildFile; fileRef = 4CDE59111BF9E2D700C7AF5B /* KPHSetLoginHandler.h */; };
		4CDE592F1BF9E2D700C7AF5B /* KPHSetLoginHandler.m in Sources */ = {isa = PBXBuildFile; fileRef = 4CDE59121BF9E2D700C7AF5B /* KPHSetLoginHandler.m */; };
		4CDE59301BF9E2D700C7AF5B /* KPHTestAssociateHandler.h in Headers */ = {isa = PBXBuildFile; fileRef = 4CDE59131BF9E2D700C7AF5B /* KPHTestAssociateHandler.h */; };
		4CDE59311BF9E2D700C7AF5B /* KPHTestAssociateHandler.m in Sources */ = {isa = PBXBuildFile; fileRef = 4CDE59141BF9E2D700C7AF5B /* KPHTestAssociateHandler.m */; };
		4CDE59321BF9E2D700C7AF5B /* KPHAESConfig.h in Headers */ = {isa = PBXBuildFile; fileRef = 4CDE59151BF9E2D700C7AF5B /* KPHAESConfig.h */; };
		4CDE59331BF9E2D700C7AF5B /* KPHAESConfig.m in Sources */ = {isa = PBXBuildFile; fileRef = 4CDE59161BF9E2D700C7AF5B /* KPHAESConfig.m */; };
		4CDE59341BF9E2D700C7AF5B /* KPHDelegate.h in Headers */ = {isa = PBXBuildFile; fileRef = 4CDE59171BF9E2D700C7AF5B /* KPHDelegate.h */; settings = {ATTRIBUTES = (Public, ); }; };
		4CDE59351BF9E2D700C7AF5B /* KPHRequest.h in Headers */ = {isa = PBXBuildFile; fileRef = 4CDE59181BF9E2D700C7AF5B /* KPHRequest.h */; };
		4CDE59361BF9E2D700C7AF5B /* KPHRequest.m in Sources */ = {isa = PBXBuildFile; fileRef = 4CDE59191BF9E2D700C7AF5B /* KPHRequest.m */; };
		4CDE59371BF9E2D700C7AF5B /* KPHResponse.h in Headers */ = {isa = PBXBuildFile; fileRef = 4CDE591A1BF9E2D700C7AF5B /* KPHResponse.h */; settings = {ATTRIBUTES = (Public, ); }; };
		4CDE59381BF9E2D700C7AF5B /* KPHResponse.m in Sources */ = {isa = PBXBuildFile; fileRef = 4CDE591B1BF9E2D700C7AF5B /* KPHResponse.m */; };
		4CDE59391BF9E2D700C7AF5B /* KPHServer.h in Headers */ = {isa = PBXBuildFile; fileRef = 4CDE591C1BF9E2D700C7AF5B /* KPHServer.h */; settings = {ATTRIBUTES = (Public, ); }; };
		4CDE593A1BF9E2D700C7AF5B /* KPHServer.m in Sources */ = {isa = PBXBuildFile; fileRef = 4CDE591D1BF9E2D700C7AF5B /* KPHServer.m */; };
		4CDE593B1BF9E2D700C7AF5B /* KPHUtils.h in Headers */ = {isa = PBXBuildFile; fileRef = 4CDE591E1BF9E2D700C7AF5B /* KPHUtils.h */; };
		4CDE593C1BF9E2D700C7AF5B /* KPHUtils.m in Sources */ = {isa = PBXBuildFile; fileRef = 4CDE591F1BF9E2D700C7AF5B /* KPHUtils.m */; };
		4CDE593E1BF9E87200C7AF5B /* GCDWebServers.framework in Frameworks */ = {isa = PBXBuildFile; fileRef = 4CDE593D1BF9E87200C7AF5B /* GCDWebServers.framework */; };
/* End PBXBuildFile section */

/* Begin PBXContainerItemProxy section */
		4CCAC39A1BF9C30300EA4639 /* PBXContainerItemProxy */ = {
			isa = PBXContainerItemProxy;
			containerPortal = 4CCAC3851BF9C30300EA4639 /* Project object */;
			proxyType = 1;
			remoteGlobalIDString = 4CCAC38D1BF9C30300EA4639;
			remoteInfo = KeePassHTTPKit;
		};
/* End PBXContainerItemProxy section */

/* Begin PBXFileReference section */
		4CCAC38E1BF9C30300EA4639 /* KeePassHTTPKit.framework */ = {isa = PBXFileReference; explicitFileType = wrapper.framework; includeInIndex = 0; path = KeePassHTTPKit.framework; sourceTree = BUILT_PRODUCTS_DIR; };
		4CCAC3911BF9C30300EA4639 /* KeePassHTTPKit.h */ = {isa = PBXFileReference; lastKnownFileType = sourcecode.c.h; path = KeePassHTTPKit.h; sourceTree = "<group>"; };
		4CCAC3931BF9C30300EA4639 /* Info.plist */ = {isa = PBXFileReference; lastKnownFileType = text.plist.xml; path = Info.plist; sourceTree = "<group>"; };
		4CCAC3981BF9C30300EA4639 /* KeePassHTTPKitTests.xctest */ = {isa = PBXFileReference; explicitFileType = wrapper.cfbundle; includeInIndex = 0; path = KeePassHTTPKitTests.xctest; sourceTree = BUILT_PRODUCTS_DIR; };
		4CCAC39D1BF9C30300EA4639 /* KeePassHTTPKitTests.m */ = {isa = PBXFileReference; lastKnownFileType = sourcecode.c.objc; path = KeePassHTTPKitTests.m; sourceTree = "<group>"; };
		4CCAC39F1BF9C30300EA4639 /* Info.plist */ = {isa = PBXFileReference; lastKnownFileType = text.plist.xml; path = Info.plist; sourceTree = "<group>"; };
		4CDE574D1BF9C66300C7AF5B /* JSONModel.h */ = {isa = PBXFileReference; fileEncoding = 4; lastKnownFileType = sourcecode.c.h; path = JSONModel.h; sourceTree = "<group>"; };
		4CDE574E1BF9C66300C7AF5B /* JSONModel.m */ = {isa = PBXFileReference; fileEncoding = 4; lastKnownFileType = sourcecode.c.objc; path = JSONModel.m; sourceTree = "<group>"; };
		4CDE574F1BF9C66300C7AF5B /* JSONModelArray.h */ = {isa = PBXFileReference; fileEncoding = 4; lastKnownFileType = sourcecode.c.h; path = JSONModelArray.h; sourceTree = "<group>"; };
		4CDE57501BF9C66300C7AF5B /* JSONModelArray.m */ = {isa = PBXFileReference; fileEncoding = 4; lastKnownFileType = sourcecode.c.objc; path = JSONModelArray.m; sourceTree = "<group>"; };
		4CDE57511BF9C66300C7AF5B /* JSONModelClassProperty.h */ = {isa = PBXFileReference; fileEncoding = 4; lastKnownFileType = sourcecode.c.h; path = JSONModelClassProperty.h; sourceTree = "<group>"; };
		4CDE57521BF9C66300C7AF5B /* JSONModelClassProperty.m */ = {isa = PBXFileReference; fileEncoding = 4; lastKnownFileType = sourcecode.c.objc; path = JSONModelClassProperty.m; sourceTree = "<group>"; };
		4CDE57531BF9C66300C7AF5B /* JSONModelError.h */ = {isa = PBXFileReference; fileEncoding = 4; lastKnownFileType = sourcecode.c.h; path = JSONModelError.h; sourceTree = "<group>"; };
		4CDE57541BF9C66300C7AF5B /* JSONModelError.m */ = {isa = PBXFileReference; fileEncoding = 4; lastKnownFileType = sourcecode.c.objc; path = JSONModelError.m; sourceTree = "<group>"; };
		4CDE57561BF9C66300C7AF5B /* NSArray+JSONModel.h */ = {isa = PBXFileReference; fileEncoding = 4; lastKnownFileType = sourcecode.c.h; path = "NSArray+JSONModel.h"; sourceTree = "<group>"; };
		4CDE57571BF9C66300C7AF5B /* NSArray+JSONModel.m */ = {isa = PBXFileReference; fileEncoding = 4; lastKnownFileType = sourcecode.c.objc; path = "NSArray+JSONModel.m"; sourceTree = "<group>"; };
		4CDE57581BF9C66300C7AF5B /* JSONModelLib.h */ = {isa = PBXFileReference; fileEncoding = 4; lastKnownFileType = sourcecode.c.h; path = JSONModelLib.h; sourceTree = "<group>"; };
		4CDE575A1BF9C66300C7AF5B /* JSONAPI.h */ = {isa = PBXFileReference; fileEncoding = 4; lastKnownFileType = sourcecode.c.h; path = JSONAPI.h; sourceTree = "<group>"; };
		4CDE575B1BF9C66300C7AF5B /* JSONAPI.m */ = {isa = PBXFileReference; fileEncoding = 4; lastKnownFileType = sourcecode.c.objc; path = JSONAPI.m; sourceTree = "<group>"; };
		4CDE575C1BF9C66300C7AF5B /* JSONHTTPClient.h */ = {isa = PBXFileReference; fileEncoding = 4; lastKnownFileType = sourcecode.c.h; path = JSONHTTPClient.h; sourceTree = "<group>"; };
		4CDE575D1BF9C66300C7AF5B /* JSONHTTPClient.m */ = {isa = PBXFileReference; fileEncoding = 4; lastKnownFileType = sourcecode.c.objc; path = JSONHTTPClient.m; sourceTree = "<group>"; };
		4CDE575E1BF9C66300C7AF5B /* JSONModel+networking.h */ = {isa = PBXFileReference; fileEncoding = 4; lastKnownFileType = sourcecode.c.h; path = "JSONModel+networking.h"; sourceTree = "<group>"; };
		4CDE575F1BF9C66300C7AF5B /* JSONModel+networking.m */ = {isa = PBXFileReference; fileEncoding = 4; lastKnownFileType = sourcecode.c.objc; path = "JSONModel+networking.m"; sourceTree = "<group>"; };
		4CDE57611BF9C66300C7AF5B /* JSONKeyMapper.h */ = {isa = PBXFileReference; fileEncoding = 4; lastKnownFileType = sourcecode.c.h; path = JSONKeyMapper.h; sourceTree = "<group>"; };
		4CDE57621BF9C66300C7AF5B /* JSONKeyMapper.m */ = {isa = PBXFileReference; fileEncoding = 4; lastKnownFileType = sourcecode.c.objc; path = JSONKeyMapper.m; sourceTree = "<group>"; };
		4CDE57631BF9C66300C7AF5B /* JSONValueTransformer.h */ = {isa = PBXFileReference; fileEncoding = 4; lastKnownFileType = sourcecode.c.h; path = JSONValueTransformer.h; sourceTree = "<group>"; };
		4CDE57641BF9C66300C7AF5B /* JSONValueTransformer.m */ = {isa = PBXFileReference; fileEncoding = 4; lastKnownFileType = sourcecode.c.objc; path = JSONValueTransformer.m; sourceTree = "<group>"; };
		4CDE59021BF9E2D600C7AF5B /* NSData+Cryptor.h */ = {isa = PBXFileReference; fileEncoding = 4; lastKnownFileType = sourcecode.c.h; path = "NSData+Cryptor.h"; sourceTree = "<group>"; };
		4CDE59031BF9E2D600C7AF5B /* NSData+Cryptor.m */ = {isa = PBXFileReference; fileEncoding = 4; lastKnownFileType = sourcecode.c.objc; path = "NSData+Cryptor.m"; sourceTree = "<group>"; };
		4CDE59051BF9E2D600C7AF5B /* KPHAssociateHandler.h */ = {isa = PBXFileReference; fileEncoding = 4; lastKnownFileType = sourcecode.c.h; path = KPHAssociateHandler.h; sourceTree = "<group>"; };
		4CDE59061BF9E2D600C7AF5B /* KPHAssociateHandler.m */ = {isa = PBXFileReference; fileEncoding = 4; lastKnownFileType = sourcecode.c.objc; path = KPHAssociateHandler.m; sourceTree = "<group>"; };
		4CDE59071BF9E2D600C7AF5B /* KPHGeneratePasswordHandler.h */ = {isa = PBXFileReference; fileEncoding = 4; lastKnownFileType = sourcecode.c.h; path = KPHGeneratePasswordHandler.h; sourceTree = "<group>"; };
		4CDE59081BF9E2D600C7AF5B /* KPHGeneratePasswordHandler.m */ = {isa = PBXFileReference; fileEncoding = 4; lastKnownFileType = sourcecode.c.objc; path = KPHGeneratePasswordHandler.m; sourceTree = "<group>"; };
		4CDE59091BF9E2D700C7AF5B /* KPHGetAllLoginsHandler.h */ = {isa = PBXFileReference; fileEncoding = 4; lastKnownFileType = sourcecode.c.h; path = KPHGetAllLoginsHandler.h; sourceTree = "<group>"; };
		4CDE590A1BF9E2D700C7AF5B /* KPHGetAllLoginsHandler.m */ = {isa = PBXFileReference; fileEncoding = 4; lastKnownFileType = sourcecode.c.objc; path = KPHGetAllLoginsHandler.m; sourceTree = "<group>"; };
		4CDE590B1BF9E2D700C7AF5B /* KPHGetLoginsCountHandler.h */ = {isa = PBXFileReference; fileEncoding = 4; lastKnownFileType = sourcecode.c.h; path = KPHGetLoginsCountHandler.h; sourceTree = "<group>"; };
		4CDE590C1BF9E2D700C7AF5B /* KPHGetLoginsCountHandler.m */ = {isa = PBXFileReference; fileEncoding = 4; lastKnownFileType = sourcecode.c.objc; path = KPHGetLoginsCountHandler.m; sourceTree = "<group>"; };
		4CDE590D1BF9E2D700C7AF5B /* KPHGetLoginsHandler.h */ = {isa = PBXFileReference; fileEncoding = 4; lastKnownFileType = sourcecode.c.h; path = KPHGetLoginsHandler.h; sourceTree = "<group>"; };
		4CDE590E1BF9E2D700C7AF5B /* KPHGetLoginsHandler.m */ = {isa = PBXFileReference; fileEncoding = 4; lastKnownFileType = sourcecode.c.objc; path = KPHGetLoginsHandler.m; sourceTree = "<group>"; };
		4CDE590F1BF9E2D700C7AF5B /* KPHHandler.h */ = {isa = PBXFileReference; fileEncoding = 4; lastKnownFileType = sourcecode.c.h; path = KPHHandler.h; sourceTree = "<group>"; };
		4CDE59101BF9E2D700C7AF5B /* KPHHandler.m */ = {isa = PBXFileReference; fileEncoding = 4; lastKnownFileType = sourcecode.c.objc; path = KPHHandler.m; sourceTree = "<group>"; };
		4CDE59111BF9E2D700C7AF5B /* KPHSetLoginHandler.h */ = {isa = PBXFileReference; fileEncoding = 4; lastKnownFileType = sourcecode.c.h; path = KPHSetLoginHandler.h; sourceTree = "<group>"; };
		4CDE59121BF9E2D700C7AF5B /* KPHSetLoginHandler.m */ = {isa = PBXFileReference; fileEncoding = 4; lastKnownFileType = sourcecode.c.objc; path = KPHSetLoginHandler.m; sourceTree = "<group>"; };
		4CDE59131BF9E2D700C7AF5B /* KPHTestAssociateHandler.h */ = {isa = PBXFileReference; fileEncoding = 4; lastKnownFileType = sourcecode.c.h; path = KPHTestAssociateHandler.h; sourceTree = "<group>"; };
		4CDE59141BF9E2D700C7AF5B /* KPHTestAssociateHandler.m */ = {isa = PBXFileReference; fileEncoding = 4; lastKnownFileType = sourcecode.c.objc; path = KPHTestAssociateHandler.m; sourceTree = "<group>"; };
		4CDE59151BF9E2D700C7AF5B /* KPHAESConfig.h */ = {isa = PBXFileReference; fileEncoding = 4; lastKnownFileType = sourcecode.c.h; path = KPHAESConfig.h; sourceTree = "<group>"; };
		4CDE59161BF9E2D700C7AF5B /* KPHAESConfig.m */ = {isa = PBXFileReference; fileEncoding = 4; lastKnownFileType = sourcecode.c.objc; path = KPHAESConfig.m; sourceTree = "<group>"; };
		4CDE59171BF9E2D700C7AF5B /* KPHDelegate.h */ = {isa = PBXFileReference; fileEncoding = 4; lastKnownFileType = sourcecode.c.h; path = KPHDelegate.h; sourceTree = "<group>"; };
		4CDE59181BF9E2D700C7AF5B /* KPHRequest.h */ = {isa = PBXFileReference; fileEncoding = 4; lastKnownFileType = sourcecode.c.h; path = KPHRequest.h; sourceTree = "<group>"; };
		4CDE59191BF9E2D700C7AF5B /* KPHRequest.m */ = {isa = PBXFileReference; fileEncoding = 4; lastKnownFileType = sourcecode.c.objc; path = KPHRequest.m; sourceTree = "<group>"; };
		4CDE591A1BF9E2D700C7AF5B /* KPHResponse.h */ = {isa = PBXFileReference; fileEncoding = 4; lastKnownFileType = sourcecode.c.h; path = KPHResponse.h; sourceTree = "<group>"; };
		4CDE591B1BF9E2D700C7AF5B /* KPHResponse.m */ = {isa = PBXFileReference; fileEncoding = 4; lastKnownFileType = sourcecode.c.objc; path = KPHResponse.m; sourceTree = "<group>"; };
		4CDE591C1BF9E2D700C7AF5B /* KPHServer.h */ = {isa = PBXFileReference; fileEncoding = 4; lastKnownFileType = sourcecode.c.h; path = KPHServer.h; sourceTree = "<group>"; };
		4CDE591D1BF9E2D700C7AF5B /* KPHServer.m */ = {isa = PBXFileReference; fileEncoding = 4; lastKnownFileType = sourcecode.c.objc; path = KPHServer.m; sourceTree = "<group>"; };
		4CDE591E1BF9E2D700C7AF5B /* KPHUtils.h */ = {isa = PBXFileReference; fileEncoding = 4; lastKnownFileType = sourcecode.c.h; path = KPHUtils.h; sourceTree = "<group>"; };
		4CDE591F1BF9E2D700C7AF5B /* KPHUtils.m */ = {isa = PBXFileReference; fileEncoding = 4; lastKnownFileType = sourcecode.c.objc; path = KPHUtils.m; sourceTree = "<group>"; };
		4CDE593D1BF9E87200C7AF5B /* GCDWebServers.framework */ = {isa = PBXFileReference; lastKnownFileType = wrapper.framework; name = GCDWebServers.framework; path = Carthage/Build/Mac/GCDWebServers.framework; sourceTree = "<group>"; };
/* End PBXFileReference section */

/* Begin PBXFrameworksBuildPhase section */
		4CCAC38A1BF9C30300EA4639 /* Frameworks */ = {
			isa = PBXFrameworksBuildPhase;
			buildActionMask = 2147483647;
			files = (
				4CDE593E1BF9E87200C7AF5B /* GCDWebServers.framework in Frameworks */,
			);
			runOnlyForDeploymentPostprocessing = 0;
		};
		4CCAC3951BF9C30300EA4639 /* Frameworks */ = {
			isa = PBXFrameworksBuildPhase;
			buildActionMask = 2147483647;
			files = (
				4CCAC3991BF9C30300EA4639 /* KeePassHTTPKit.framework in Frameworks */,
			);
			runOnlyForDeploymentPostprocessing = 0;
		};
/* End PBXFrameworksBuildPhase section */

/* Begin PBXGroup section */
		4CCAC3841BF9C30300EA4639 = {
			isa = PBXGroup;
			children = (
				4CDE593D1BF9E87200C7AF5B /* GCDWebServers.framework */,
				4CDE574B1BF9C66300C7AF5B /* JSONModel */,
				4CCAC3901BF9C30300EA4639 /* KeePassHTTPKit */,
				4CCAC39C1BF9C30300EA4639 /* KeePassHTTPKitTests */,
				4CCAC38F1BF9C30300EA4639 /* Products */,
			);
			sourceTree = "<group>";
		};
		4CCAC38F1BF9C30300EA4639 /* Products */ = {
			isa = PBXGroup;
			children = (
				4CCAC38E1BF9C30300EA4639 /* KeePassHTTPKit.framework */,
				4CCAC3981BF9C30300EA4639 /* KeePassHTTPKitTests.xctest */,
			);
			name = Products;
			sourceTree = "<group>";
		};
		4CCAC3901BF9C30300EA4639 /* KeePassHTTPKit */ = {
			isa = PBXGroup;
			children = (
				4CDE59011BF9E2D600C7AF5B /* Categories */,
				4CDE59041BF9E2D600C7AF5B /* Handlers */,
				4CDE59151BF9E2D700C7AF5B /* KPHAESConfig.h */,
				4CDE59161BF9E2D700C7AF5B /* KPHAESConfig.m */,
				4CDE59171BF9E2D700C7AF5B /* KPHDelegate.h */,
				4CDE59181BF9E2D700C7AF5B /* KPHRequest.h */,
				4CDE59191BF9E2D700C7AF5B /* KPHRequest.m */,
				4CDE591A1BF9E2D700C7AF5B /* KPHResponse.h */,
				4CDE591B1BF9E2D700C7AF5B /* KPHResponse.m */,
				4CDE591C1BF9E2D700C7AF5B /* KPHServer.h */,
				4CDE591D1BF9E2D700C7AF5B /* KPHServer.m */,
				4CDE591E1BF9E2D700C7AF5B /* KPHUtils.h */,
				4CDE591F1BF9E2D700C7AF5B /* KPHUtils.m */,
				4CCAC3911BF9C30300EA4639 /* KeePassHTTPKit.h */,
				4CCAC3931BF9C30300EA4639 /* Info.plist */,
			);
			path = KeePassHTTPKit;
			sourceTree = "<group>";
		};
		4CCAC39C1BF9C30300EA4639 /* KeePassHTTPKitTests */ = {
			isa = PBXGroup;
			children = (
				4CCAC39D1BF9C30300EA4639 /* KeePassHTTPKitTests.m */,
				4CCAC39F1BF9C30300EA4639 /* Info.plist */,
			);
			path = KeePassHTTPKitTests;
			sourceTree = "<group>";
		};
		4CDE574B1BF9C66300C7AF5B /* JSONModel */ = {
			isa = PBXGroup;
			children = (
				4CDE574C1BF9C66300C7AF5B /* JSONModel */,
				4CDE57551BF9C66300C7AF5B /* JSONModelCategories */,
				4CDE57581BF9C66300C7AF5B /* JSONModelLib.h */,
				4CDE57591BF9C66300C7AF5B /* JSONModelNetworking */,
				4CDE57601BF9C66300C7AF5B /* JSONModelTransformations */,
			);
			name = JSONModel;
			path = JSONModel/JSONModel;
			sourceTree = "<group>";
		};
		4CDE574C1BF9C66300C7AF5B /* JSONModel */ = {
			isa = PBXGroup;
			children = (
				4CDE574D1BF9C66300C7AF5B /* JSONModel.h */,
				4CDE574E1BF9C66300C7AF5B /* JSONModel.m */,
				4CDE574F1BF9C66300C7AF5B /* JSONModelArray.h */,
				4CDE57501BF9C66300C7AF5B /* JSONModelArray.m */,
				4CDE57511BF9C66300C7AF5B /* JSONModelClassProperty.h */,
				4CDE57521BF9C66300C7AF5B /* JSONModelClassProperty.m */,
				4CDE57531BF9C66300C7AF5B /* JSONModelError.h */,
				4CDE57541BF9C66300C7AF5B /* JSONModelError.m */,
			);
			path = JSONModel;
			sourceTree = "<group>";
		};
		4CDE57551BF9C66300C7AF5B /* JSONModelCategories */ = {
			isa = PBXGroup;
			children = (
				4CDE57561BF9C66300C7AF5B /* NSArray+JSONModel.h */,
				4CDE57571BF9C66300C7AF5B /* NSArray+JSONModel.m */,
			);
			path = JSONModelCategories;
			sourceTree = "<group>";
		};
		4CDE57591BF9C66300C7AF5B /* JSONModelNetworking */ = {
			isa = PBXGroup;
			children = (
				4CDE575A1BF9C66300C7AF5B /* JSONAPI.h */,
				4CDE575B1BF9C66300C7AF5B /* JSONAPI.m */,
				4CDE575C1BF9C66300C7AF5B /* JSONHTTPClient.h */,
				4CDE575D1BF9C66300C7AF5B /* JSONHTTPClient.m */,
				4CDE575E1BF9C66300C7AF5B /* JSONModel+networking.h */,
				4CDE575F1BF9C66300C7AF5B /* JSONModel+networking.m */,
			);
			path = JSONModelNetworking;
			sourceTree = "<group>";
		};
		4CDE57601BF9C66300C7AF5B /* JSONModelTransformations */ = {
			isa = PBXGroup;
			children = (
				4CDE57611BF9C66300C7AF5B /* JSONKeyMapper.h */,
				4CDE57621BF9C66300C7AF5B /* JSONKeyMapper.m */,
				4CDE57631BF9C66300C7AF5B /* JSONValueTransformer.h */,
				4CDE57641BF9C66300C7AF5B /* JSONValueTransformer.m */,
			);
			path = JSONModelTransformations;
			sourceTree = "<group>";
		};
		4CDE59011BF9E2D600C7AF5B /* Categories */ = {
			isa = PBXGroup;
			children = (
				4CDE59021BF9E2D600C7AF5B /* NSData+Cryptor.h */,
				4CDE59031BF9E2D600C7AF5B /* NSData+Cryptor.m */,
			);
			path = Categories;
			sourceTree = "<group>";
		};
		4CDE59041BF9E2D600C7AF5B /* Handlers */ = {
			isa = PBXGroup;
			children = (
				4CDE59051BF9E2D600C7AF5B /* KPHAssociateHandler.h */,
				4CDE59061BF9E2D600C7AF5B /* KPHAssociateHandler.m */,
				4CDE59071BF9E2D600C7AF5B /* KPHGeneratePasswordHandler.h */,
				4CDE59081BF9E2D600C7AF5B /* KPHGeneratePasswordHandler.m */,
				4CDE59091BF9E2D700C7AF5B /* KPHGetAllLoginsHandler.h */,
				4CDE590A1BF9E2D700C7AF5B /* KPHGetAllLoginsHandler.m */,
				4CDE590B1BF9E2D700C7AF5B /* KPHGetLoginsCountHandler.h */,
				4CDE590C1BF9E2D700C7AF5B /* KPHGetLoginsCountHandler.m */,
				4CDE590D1BF9E2D700C7AF5B /* KPHGetLoginsHandler.h */,
				4CDE590E1BF9E2D700C7AF5B /* KPHGetLoginsHandler.m */,
				4CDE590F1BF9E2D700C7AF5B /* KPHHandler.h */,
				4CDE59101BF9E2D700C7AF5B /* KPHHandler.m */,
				4CDE59111BF9E2D700C7AF5B /* KPHSetLoginHandler.h */,
				4CDE59121BF9E2D700C7AF5B /* KPHSetLoginHandler.m */,
				4CDE59131BF9E2D700C7AF5B /* KPHTestAssociateHandler.h */,
				4CDE59141BF9E2D700C7AF5B /* KPHTestAssociateHandler.m */,
			);
			path = Handlers;
			sourceTree = "<group>";
		};
/* End PBXGroup section */

/* Begin PBXHeadersBuildPhase section */
		4CCAC38B1BF9C30300EA4639 /* Headers */ = {
			isa = PBXHeadersBuildPhase;
			buildActionMask = 2147483647;
			files = (
				4CDE58371BF9C66300C7AF5B /* JSONModelLib.h in Headers */,
				4CDE582D1BF9C66300C7AF5B /* JSONModel.h in Headers */,
				4CDE582F1BF9C66300C7AF5B /* JSONModelArray.h in Headers */,
				4CDE58331BF9C66300C7AF5B /* JSONModelError.h in Headers */,
				4CDE583E1BF9C66300C7AF5B /* JSONKeyMapper.h in Headers */,
				4CDE59341BF9E2D700C7AF5B /* KPHDelegate.h in Headers */,
				4CDE59371BF9E2D700C7AF5B /* KPHResponse.h in Headers */,
				4CDE59391BF9E2D700C7AF5B /* KPHServer.h in Headers */,
				4CDE58401BF9C66300C7AF5B /* JSONValueTransformer.h in Headers */,
				4CDE58311BF9C66300C7AF5B /* JSONModelClassProperty.h in Headers */,
				4CDE593B1BF9E2D700C7AF5B /* KPHUtils.h in Headers */,
				4CDE583C1BF9C66300C7AF5B /* JSONModel+networking.h in Headers */,
				4CDE59241BF9E2D700C7AF5B /* KPHGeneratePasswordHandler.h in Headers */,
				4CDE59261BF9E2D700C7AF5B /* KPHGetAllLoginsHandler.h in Headers */,
				4CDE58351BF9C66300C7AF5B /* NSArray+JSONModel.h in Headers */,
				4CDE592C1BF9E2D700C7AF5B /* KPHHandler.h in Headers */,
				4CDE58381BF9C66300C7AF5B /* JSONAPI.h in Headers */,
				4CDE59281BF9E2D700C7AF5B /* KPHGetLoginsCountHandler.h in Headers */,
				4CDE59321BF9E2D700C7AF5B /* KPHAESConfig.h in Headers */,
				4CDE59221BF9E2D700C7AF5B /* KPHAssociateHandler.h in Headers */,
				4CDE592A1BF9E2D700C7AF5B /* KPHGetLoginsHandler.h in Headers */,
				4CDE583A1BF9C66300C7AF5B /* JSONHTTPClient.h in Headers */,
				4CCAC3921BF9C30300EA4639 /* KeePassHTTPKit.h in Headers */,
				4CDE592E1BF9E2D700C7AF5B /* KPHSetLoginHandler.h in Headers */,
				4CDE59201BF9E2D700C7AF5B /* NSData+Cryptor.h in Headers */,
				4CDE59351BF9E2D700C7AF5B /* KPHRequest.h in Headers */,
				4CDE59301BF9E2D700C7AF5B /* KPHTestAssociateHandler.h in Headers */,
			);
			runOnlyForDeploymentPostprocessing = 0;
		};
/* End PBXHeadersBuildPhase section */

/* Begin PBXNativeTarget section */
		4CCAC38D1BF9C30300EA4639 /* KeePassHTTPKit */ = {
			isa = PBXNativeTarget;
			buildConfigurationList = 4CCAC3A21BF9C30300EA4639 /* Build configuration list for PBXNativeTarget "KeePassHTTPKit" */;
			buildPhases = (
				4CCAC3891BF9C30300EA4639 /* Sources */,
				4CCAC38A1BF9C30300EA4639 /* Frameworks */,
				4CCAC38B1BF9C30300EA4639 /* Headers */,
				4CCAC38C1BF9C30300EA4639 /* Resources */,
			);
			buildRules = (
			);
			dependencies = (
			);
			name = KeePassHTTPKit;
			productName = KeePassHTTPKit;
			productReference = 4CCAC38E1BF9C30300EA4639 /* KeePassHTTPKit.framework */;
			productType = "com.apple.product-type.framework";
		};
		4CCAC3971BF9C30300EA4639 /* KeePassHTTPKitTests */ = {
			isa = PBXNativeTarget;
			buildConfigurationList = 4CCAC3A51BF9C30300EA4639 /* Build configuration list for PBXNativeTarget "KeePassHTTPKitTests" */;
			buildPhases = (
				4CCAC3941BF9C30300EA4639 /* Sources */,
				4CCAC3951BF9C30300EA4639 /* Frameworks */,
				4CCAC3961BF9C30300EA4639 /* Resources */,
			);
			buildRules = (
			);
			dependencies = (
				4CCAC39B1BF9C30300EA4639 /* PBXTargetDependency */,
			);
			name = KeePassHTTPKitTests;
			productName = KeePassHTTPKitTests;
			productReference = 4CCAC3981BF9C30300EA4639 /* KeePassHTTPKitTests.xctest */;
			productType = "com.apple.product-type.bundle.unit-test";
		};
/* End PBXNativeTarget section */

/* Begin PBXProject section */
		4CCAC3851BF9C30300EA4639 /* Project object */ = {
			isa = PBXProject;
			attributes = {
				LastUpgradeCheck = 0710;
				ORGANIZATIONNAME = "HicknHack Software GmbH";
				TargetAttributes = {
					4CCAC38D1BF9C30300EA4639 = {
						CreatedOnToolsVersion = 7.1.1;
					};
					4CCAC3971BF9C30300EA4639 = {
						CreatedOnToolsVersion = 7.1.1;
					};
				};
			};
			buildConfigurationList = 4CCAC3881BF9C30300EA4639 /* Build configuration list for PBXProject "KeePassHTTPKit" */;
			compatibilityVersion = "Xcode 3.2";
			developmentRegion = English;
			hasScannedForEncodings = 0;
			knownRegions = (
				en,
			);
			mainGroup = 4CCAC3841BF9C30300EA4639;
			productRefGroup = 4CCAC38F1BF9C30300EA4639 /* Products */;
			projectDirPath = "";
			projectRoot = "";
			targets = (
				4CCAC38D1BF9C30300EA4639 /* KeePassHTTPKit */,
				4CCAC3971BF9C30300EA4639 /* KeePassHTTPKitTests */,
			);
		};
/* End PBXProject section */

/* Begin PBXResourcesBuildPhase section */
		4CCAC38C1BF9C30300EA4639 /* Resources */ = {
			isa = PBXResourcesBuildPhase;
			buildActionMask = 2147483647;
			files = (
			);
			runOnlyForDeploymentPostprocessing = 0;
		};
		4CCAC3961BF9C30300EA4639 /* Resources */ = {
			isa = PBXResourcesBuildPhase;
			buildActionMask = 2147483647;
			files = (
			);
			runOnlyForDeploymentPostprocessing = 0;
		};
/* End PBXResourcesBuildPhase section */

/* Begin PBXSourcesBuildPhase section */
		4CCAC3891BF9C30300EA4639 /* Sources */ = {
			isa = PBXSourcesBuildPhase;
			buildActionMask = 2147483647;
			files = (
				4CDE59381BF9E2D700C7AF5B /* KPHResponse.m in Sources */,
				4CDE58391BF9C66300C7AF5B /* JSONAPI.m in Sources */,
				4CDE58301BF9C66300C7AF5B /* JSONModelArray.m in Sources */,
				4CDE58321BF9C66300C7AF5B /* JSONModelClassProperty.m in Sources */,
				4CDE583F1BF9C66300C7AF5B /* JSONKeyMapper.m in Sources */,
				4CDE583D1BF9C66300C7AF5B /* JSONModel+networking.m in Sources */,
				4CDE592D1BF9E2D700C7AF5B /* KPHHandler.m in Sources */,
				4CDE59251BF9E2D700C7AF5B /* KPHGeneratePasswordHandler.m in Sources */,
				4CDE59231BF9E2D700C7AF5B /* KPHAssociateHandler.m in Sources */,
				4CDE593C1BF9E2D700C7AF5B /* KPHUtils.m in Sources */,
				4CDE59361BF9E2D700C7AF5B /* KPHRequest.m in Sources */,
				4CDE58411BF9C66300C7AF5B /* JSONValueTransformer.m in Sources */,
				4CDE59291BF9E2D700C7AF5B /* KPHGetLoginsCountHandler.m in Sources */,
				4CDE583B1BF9C66300C7AF5B /* JSONHTTPClient.m in Sources */,
				4CDE59271BF9E2D700C7AF5B /* KPHGetAllLoginsHandler.m in Sources */,
				4CDE58341BF9C66300C7AF5B /* JSONModelError.m in Sources */,
				4CDE593A1BF9E2D700C7AF5B /* KPHServer.m in Sources */,
				4CDE592F1BF9E2D700C7AF5B /* KPHSetLoginHandler.m in Sources */,
				4CDE59211BF9E2D700C7AF5B /* NSData+Cryptor.m in Sources */,
				4CDE592B1BF9E2D700C7AF5B /* KPHGetLoginsHandler.m in Sources */,
				4CDE58361BF9C66300C7AF5B /* NSArray+JSONModel.m in Sources */,
				4CDE582E1BF9C66300C7AF5B /* JSONModel.m in Sources */,
				4CDE59311BF9E2D700C7AF5B /* KPHTestAssociateHandler.m in Sources */,
				4CDE59331BF9E2D700C7AF5B /* KPHAESConfig.m in Sources */,
			);
			runOnlyForDeploymentPostprocessing = 0;
		};
		4CCAC3941BF9C30300EA4639 /* Sources */ = {
			isa = PBXSourcesBuildPhase;
			buildActionMask = 2147483647;
			files = (
				4CCAC39E1BF9C30300EA4639 /* KeePassHTTPKitTests.m in Sources */,
			);
			runOnlyForDeploymentPostprocessing = 0;
		};
/* End PBXSourcesBuildPhase section */

/* Begin PBXTargetDependency section */
		4CCAC39B1BF9C30300EA4639 /* PBXTargetDependency */ = {
			isa = PBXTargetDependency;
			target = 4CCAC38D1BF9C30300EA4639 /* KeePassHTTPKit */;
			targetProxy = 4CCAC39A1BF9C30300EA4639 /* PBXContainerItemProxy */;
		};
/* End PBXTargetDependency section */

/* Begin XCBuildConfiguration section */
		4CCAC3A01BF9C30300EA4639 /* Debug */ = {
			isa = XCBuildConfiguration;
			buildSettings = {
				ALWAYS_SEARCH_USER_PATHS = NO;
				CLANG_CXX_LANGUAGE_STANDARD = "gnu++0x";
				CLANG_CXX_LIBRARY = "libc++";
				CLANG_ENABLE_MODULES = YES;
				CLANG_ENABLE_OBJC_ARC = YES;
				CLANG_WARN_BOOL_CONVERSION = YES;
				CLANG_WARN_CONSTANT_CONVERSION = YES;
				CLANG_WARN_DIRECT_OBJC_ISA_USAGE = YES_ERROR;
				CLANG_WARN_EMPTY_BODY = YES;
				CLANG_WARN_ENUM_CONVERSION = YES;
				CLANG_WARN_INT_CONVERSION = YES;
				CLANG_WARN_OBJC_ROOT_CLASS = YES_ERROR;
				CLANG_WARN_UNREACHABLE_CODE = YES;
				CLANG_WARN__DUPLICATE_METHOD_MATCH = YES;
				CODE_SIGN_IDENTITY = "-";
				COPY_PHASE_STRIP = NO;
				CURRENT_PROJECT_VERSION = 1;
				DEBUG_INFORMATION_FORMAT = dwarf;
				ENABLE_STRICT_OBJC_MSGSEND = YES;
				ENABLE_TESTABILITY = YES;
				GCC_C_LANGUAGE_STANDARD = gnu99;
				GCC_DYNAMIC_NO_PIC = NO;
				GCC_NO_COMMON_BLOCKS = YES;
				GCC_OPTIMIZATION_LEVEL = 0;
				GCC_PREPROCESSOR_DEFINITIONS = (
					"DEBUG=1",
					"$(inherited)",
				);
				GCC_WARN_64_TO_32_BIT_CONVERSION = YES;
				GCC_WARN_ABOUT_RETURN_TYPE = YES_ERROR;
				GCC_WARN_UNDECLARED_SELECTOR = YES;
				GCC_WARN_UNINITIALIZED_AUTOS = YES_AGGRESSIVE;
				GCC_WARN_UNUSED_FUNCTION = YES;
				GCC_WARN_UNUSED_VARIABLE = YES;
				MACOSX_DEPLOYMENT_TARGET = 10.11;
				MTL_ENABLE_DEBUG_INFO = YES;
				ONLY_ACTIVE_ARCH = YES;
				SDKROOT = macosx;
				VERSIONING_SYSTEM = "apple-generic";
				VERSION_INFO_PREFIX = "";
			};
			name = Debug;
		};
		4CCAC3A11BF9C30300EA4639 /* Release */ = {
			isa = XCBuildConfiguration;
			buildSettings = {
				ALWAYS_SEARCH_USER_PATHS = NO;
				CLANG_CXX_LANGUAGE_STANDARD = "gnu++0x";
				CLANG_CXX_LIBRARY = "libc++";
				CLANG_ENABLE_MODULES = YES;
				CLANG_ENABLE_OBJC_ARC = YES;
				CLANG_WARN_BOOL_CONVERSION = YES;
				CLANG_WARN_CONSTANT_CONVERSION = YES;
				CLANG_WARN_DIRECT_OBJC_ISA_USAGE = YES_ERROR;
				CLANG_WARN_EMPTY_BODY = YES;
				CLANG_WARN_ENUM_CONVERSION = YES;
				CLANG_WARN_INT_CONVERSION = YES;
				CLANG_WARN_OBJC_ROOT_CLASS = YES_ERROR;
				CLANG_WARN_UNREACHABLE_CODE = YES;
				CLANG_WARN__DUPLICATE_METHOD_MATCH = YES;
				CODE_SIGN_IDENTITY = "-";
				COPY_PHASE_STRIP = NO;
				CURRENT_PROJECT_VERSION = 1;
				DEBUG_INFORMATION_FORMAT = "dwarf-with-dsym";
				ENABLE_NS_ASSERTIONS = NO;
				ENABLE_STRICT_OBJC_MSGSEND = YES;
				GCC_C_LANGUAGE_STANDARD = gnu99;
				GCC_NO_COMMON_BLOCKS = YES;
				GCC_WARN_64_TO_32_BIT_CONVERSION = YES;
				GCC_WARN_ABOUT_RETURN_TYPE = YES_ERROR;
				GCC_WARN_UNDECLARED_SELECTOR = YES;
				GCC_WARN_UNINITIALIZED_AUTOS = YES_AGGRESSIVE;
				GCC_WARN_UNUSED_FUNCTION = YES;
				GCC_WARN_UNUSED_VARIABLE = YES;
				MACOSX_DEPLOYMENT_TARGET = 10.11;
				MTL_ENABLE_DEBUG_INFO = NO;
				SDKROOT = macosx;
				VERSIONING_SYSTEM = "apple-generic";
				VERSION_INFO_PREFIX = "";
			};
			name = Release;
		};
		4CCAC3A31BF9C30300EA4639 /* Debug */ = {
			isa = XCBuildConfiguration;
			buildSettings = {
				COMBINE_HIDPI_IMAGES = YES;
				DEFINES_MODULE = YES;
				DYLIB_COMPATIBILITY_VERSION = 1;
				DYLIB_CURRENT_VERSION = 1;
				DYLIB_INSTALL_NAME_BASE = "@rpath";
				FRAMEWORK_SEARCH_PATHS = (
					"$(inherited)",
					"$(PROJECT_DIR)/Carthage/Build/Mac",
				);
				FRAMEWORK_VERSION = A;
				INFOPLIST_FILE = KeePassHTTPKit/Info.plist;
				INSTALL_PATH = "$(LOCAL_LIBRARY_DIR)/Frameworks";
				LD_RUNPATH_SEARCH_PATHS = "$(inherited) @executable_path/../Frameworks @loader_path/Frameworks";
				MACOSX_DEPLOYMENT_TARGET = 10.8;
				PRODUCT_BUNDLE_IDENTIFIER = com.hicknhacksoftware.KeePassHTTPKit;
				PRODUCT_NAME = "$(TARGET_NAME)";
				SKIP_INSTALL = YES;
			};
			name = Debug;
		};
		4CCAC3A41BF9C30300EA4639 /* Release */ = {
			isa = XCBuildConfiguration;
			buildSettings = {
				COMBINE_HIDPI_IMAGES = YES;
				DEFINES_MODULE = YES;
				DYLIB_COMPATIBILITY_VERSION = 1;
				DYLIB_CURRENT_VERSION = 1;
				DYLIB_INSTALL_NAME_BASE = "@rpath";
				FRAMEWORK_SEARCH_PATHS = (
					"$(inherited)",
					"$(PROJECT_DIR)/Carthage/Build/Mac",
				);
				FRAMEWORK_VERSION = A;
				INFOPLIST_FILE = KeePassHTTPKit/Info.plist;
				INSTALL_PATH = "$(LOCAL_LIBRARY_DIR)/Frameworks";
				LD_RUNPATH_SEARCH_PATHS = "$(inherited) @executable_path/../Frameworks @loader_path/Frameworks";
				MACOSX_DEPLOYMENT_TARGET = 10.8;
				PRODUCT_BUNDLE_IDENTIFIER = com.hicknhacksoftware.KeePassHTTPKit;
				PRODUCT_NAME = "$(TARGET_NAME)";
				SKIP_INSTALL = YES;
			};
			name = Release;
		};
		4CCAC3A61BF9C30300EA4639 /* Debug */ = {
			isa = XCBuildConfiguration;
			buildSettings = {
				COMBINE_HIDPI_IMAGES = YES;
				INFOPLIST_FILE = KeePassHTTPKitTests/Info.plist;
				LD_RUNPATH_SEARCH_PATHS = "$(inherited) @executable_path/../Frameworks @loader_path/../Frameworks";
				PRODUCT_BUNDLE_IDENTIFIER = com.hicknhacksoftware.KeePassHTTPKitTests;
				PRODUCT_NAME = "$(TARGET_NAME)";
			};
			name = Debug;
		};
		4CCAC3A71BF9C30300EA4639 /* Release */ = {
			isa = XCBuildConfiguration;
			buildSettings = {
				COMBINE_HIDPI_IMAGES = YES;
				INFOPLIST_FILE = KeePassHTTPKitTests/Info.plist;
				LD_RUNPATH_SEARCH_PATHS = "$(inherited) @executable_path/../Frameworks @loader_path/../Frameworks";
				PRODUCT_BUNDLE_IDENTIFIER = com.hicknhacksoftware.KeePassHTTPKitTests;
				PRODUCT_NAME = "$(TARGET_NAME)";
			};
			name = Release;
		};
/* End XCBuildConfiguration section */

/* Begin XCConfigurationList section */
		4CCAC3881BF9C30300EA4639 /* Build configuration list for PBXProject "KeePassHTTPKit" */ = {
			isa = XCConfigurationList;
			buildConfigurations = (
				4CCAC3A01BF9C30300EA4639 /* Debug */,
				4CCAC3A11BF9C30300EA4639 /* Release */,
			);
			defaultConfigurationIsVisible = 0;
			defaultConfigurationName = Release;
		};
		4CCAC3A21BF9C30300EA4639 /* Build configuration list for PBXNativeTarget "KeePassHTTPKit" */ = {
			isa = XCConfigurationList;
			buildConfigurations = (
				4CCAC3A31BF9C30300EA4639 /* Debug */,
				4CCAC3A41BF9C30300EA4639 /* Release */,
			);
			defaultConfigurationIsVisible = 0;
			defaultConfigurationName = Release;
		};
		4CCAC3A51BF9C30300EA4639 /* Build configuration list for PBXNativeTarget "KeePassHTTPKitTests" */ = {
			isa = XCConfigurationList;
			buildConfigurations = (
				4CCAC3A61BF9C30300EA4639 /* Debug */,
				4CCAC3A71BF9C30300EA4639 /* Release */,
			);
			defaultConfigurationIsVisible = 0;
			defaultConfigurationName = Release;
		};
/* End XCConfigurationList section */
	};
	rootObject = 4CCAC3851BF9C30300EA4639 /* Project object */;
}
